
Microsoft Visual Studio Solution File, Format Version 12.00
# Visual Studio Version 16
VisualStudioVersion = 16.0.29613.14
MinimumVisualStudioVersion = 10.0.40219.1
Project("{FAE04EC0-301F-11D3-BF4B-00C04F79EFBC}") = "ExDLLSample", "ExDLLSample\ExDLLSample.csproj", "{2FC87412-0F27-4C31-A1E4-37D5E44B43A5}"
EndProject
Global
	GlobalSection(SolutionConfigurationPlatforms) = preSolution
		Debug|Any CPU = Debug|Any CPU
		Release|Any CPU = Release|Any CPU
	EndGlobalSection
	GlobalSection(ProjectConfigurationPlatforms) = postSolution
		{2FC87412-0F27-4C31-A1E4-37D5E44B43A5}.Debug|Any CPU.ActiveCfg = Debug|Any CPU
		{2FC87412-0F27-4C31-A1E4-37D5E44B43A5}.Debug|Any CPU.Build.0 = Debug|Any CPU
		{2FC87412-0F27-4C31-A1E4-37D5E44B43A5}.Release|Any CPU.ActiveCfg = Release|Any CPU
		{2FC87412-0F27-4C31-A1E4-37D5E44B43A5}.Release|Any CPU.Build.0 = Release|Any CPU
	EndGlobalSection
	GlobalSection(SolutionProperties) = preSolution
		HideSolutionNode = FALSE
	EndGlobalSection
	GlobalSection(ExtensibilityGlobals) = postSolution
		SolutionGuid = {546165B3-A4CB-4641-BD8D-1641ECA0C8DE}
	EndGlobalSection
EndGlobal
