
Microsoft Visual Studio Solution File, Format Version 12.00
# Visual Studio Version 16
VisualStudioVersion = 16.0.29613.14
MinimumVisualStudioVersion = 10.0.40219.1
Project("{FAE04EC0-301F-11D3-BF4B-00C04F79EFBC}") = "AndOperatorSample", "AndOperatorSample\AndOperatorSample.csproj", "{928B476C-9A58-4E85-9830-AC5F186582B4}"
EndProject
Global
	GlobalSection(SolutionConfigurationPlatforms) = preSolution
		Debug|Any CPU = Debug|Any CPU
		Release|Any CPU = Release|Any CPU
	EndGlobalSection
	GlobalSection(ProjectConfigurationPlatforms) = postSolution
		{928B476C-9A58-4E85-9830-AC5F186582B4}.Debug|Any CPU.ActiveCfg = Debug|Any CPU
		{928B476C-9A58-4E85-9830-AC5F186582B4}.Debug|Any CPU.Build.0 = Debug|Any CPU
		{928B476C-9A58-4E85-9830-AC5F186582B4}.Release|Any CPU.ActiveCfg = Release|Any CPU
		{928B476C-9A58-4E85-9830-AC5F186582B4}.Release|Any CPU.Build.0 = Release|Any CPU
	EndGlobalSection
	GlobalSection(SolutionProperties) = preSolution
		HideSolutionNode = FALSE
	EndGlobalSection
	GlobalSection(ExtensibilityGlobals) = postSolution
		SolutionGuid = {AE148786-3AA1-439C-B4A3-7A41F2919964}
	EndGlobalSection
EndGlobal
