
Microsoft Visual Studio Solution File, Format Version 12.00
# Visual Studio Version 16
VisualStudioVersion = 16.0.29613.14
MinimumVisualStudioVersion = 10.0.40219.1
Project("{FAE04EC0-301F-11D3-BF4B-00C04F79EFBC}") = "BreakSample", "BreakSample\BreakSample.csproj", "{393D0016-ADD6-40B6-B3CB-A0EE51E7E9E4}"
EndProject
Project("{FAE04EC0-301F-11D3-BF4B-00C04F79EFBC}") = "ContinueSample", "ContinueSample\ContinueSample.csproj", "{FDB6DF77-D8F3-4F44-B009-B22331190875}"
EndProject
Global
	GlobalSection(SolutionConfigurationPlatforms) = preSolution
		Debug|Any CPU = Debug|Any CPU
		Release|Any CPU = Release|Any CPU
	EndGlobalSection
	GlobalSection(ProjectConfigurationPlatforms) = postSolution
		{393D0016-ADD6-40B6-B3CB-A0EE51E7E9E4}.Debug|Any CPU.ActiveCfg = Debug|Any CPU
		{393D0016-ADD6-40B6-B3CB-A0EE51E7E9E4}.Debug|Any CPU.Build.0 = Debug|Any CPU
		{393D0016-ADD6-40B6-B3CB-A0EE51E7E9E4}.Release|Any CPU.ActiveCfg = Release|Any CPU
		{393D0016-ADD6-40B6-B3CB-A0EE51E7E9E4}.Release|Any CPU.Build.0 = Release|Any CPU
		{FDB6DF77-D8F3-4F44-B009-B22331190875}.Debug|Any CPU.ActiveCfg = Debug|Any CPU
		{FDB6DF77-D8F3-4F44-B009-B22331190875}.Debug|Any CPU.Build.0 = Debug|Any CPU
		{FDB6DF77-D8F3-4F44-B009-B22331190875}.Release|Any CPU.ActiveCfg = Release|Any CPU
		{FDB6DF77-D8F3-4F44-B009-B22331190875}.Release|Any CPU.Build.0 = Release|Any CPU
	EndGlobalSection
	GlobalSection(SolutionProperties) = preSolution
		HideSolutionNode = FALSE
	EndGlobalSection
	GlobalSection(ExtensibilityGlobals) = postSolution
		SolutionGuid = {54CD1465-0F38-4312-AE34-B0804F49C733}
	EndGlobalSection
EndGlobal
