
Microsoft Visual Studio Solution File, Format Version 12.00
# Visual Studio Version 16
VisualStudioVersion = 16.0.29613.14
MinimumVisualStudioVersion = 10.0.40219.1
Project("{FAE04EC0-301F-11D3-BF4B-00C04F79EFBC}") = "MethodOverloadingSample001", "MethodOverloadingSample001\MethodOverloadingSample001.csproj", "{6B0D6DA3-EEB3-4AD3-8A96-828F65C5A9E6}"
EndProject
Global
	GlobalSection(SolutionConfigurationPlatforms) = preSolution
		Debug|Any CPU = Debug|Any CPU
		Release|Any CPU = Release|Any CPU
	EndGlobalSection
	GlobalSection(ProjectConfigurationPlatforms) = postSolution
		{6B0D6DA3-EEB3-4AD3-8A96-828F65C5A9E6}.Debug|Any CPU.ActiveCfg = Debug|Any CPU
		{6B0D6DA3-EEB3-4AD3-8A96-828F65C5A9E6}.Debug|Any CPU.Build.0 = Debug|Any CPU
		{6B0D6DA3-EEB3-4AD3-8A96-828F65C5A9E6}.Release|Any CPU.ActiveCfg = Release|Any CPU
		{6B0D6DA3-EEB3-4AD3-8A96-828F65C5A9E6}.Release|Any CPU.Build.0 = Release|Any CPU
	EndGlobalSection
	GlobalSection(SolutionProperties) = preSolution
		HideSolutionNode = FALSE
	EndGlobalSection
	GlobalSection(ExtensibilityGlobals) = postSolution
		SolutionGuid = {0B36BED2-C17F-4BD6-970C-CB1C4214F215}
	EndGlobalSection
EndGlobal
