
Microsoft Visual Studio Solution File, Format Version 12.00
# Visual Studio Version 16
VisualStudioVersion = 16.0.29613.14
MinimumVisualStudioVersion = 10.0.40219.1
Project("{FAE04EC0-301F-11D3-BF4B-00C04F79EFBC}") = "TextFileSample001", "TextFileSample001\TextFileSample001.csproj", "{7817B379-FABB-4E19-B716-17F82D6A21EF}"
EndProject
Project("{FAE04EC0-301F-11D3-BF4B-00C04F79EFBC}") = "TextFileSample002", "TextFileSample002\TextFileSample002.csproj", "{AB7E3F8C-B74E-4C21-B3AA-0066FDE9DFDA}"
EndProject
Project("{FAE04EC0-301F-11D3-BF4B-00C04F79EFBC}") = "TextFileSamples003", "TextFileSamples003\TextFileSamples003.csproj", "{FA97E63A-A7ED-4BC1-AE01-BB41A30FB512}"
EndProject
Global
	GlobalSection(SolutionConfigurationPlatforms) = preSolution
		Debug|Any CPU = Debug|Any CPU
		Release|Any CPU = Release|Any CPU
	EndGlobalSection
	GlobalSection(ProjectConfigurationPlatforms) = postSolution
		{7817B379-FABB-4E19-B716-17F82D6A21EF}.Debug|Any CPU.ActiveCfg = Debug|Any CPU
		{7817B379-FABB-4E19-B716-17F82D6A21EF}.Debug|Any CPU.Build.0 = Debug|Any CPU
		{7817B379-FABB-4E19-B716-17F82D6A21EF}.Release|Any CPU.ActiveCfg = Release|Any CPU
		{7817B379-FABB-4E19-B716-17F82D6A21EF}.Release|Any CPU.Build.0 = Release|Any CPU
		{AB7E3F8C-B74E-4C21-B3AA-0066FDE9DFDA}.Debug|Any CPU.ActiveCfg = Debug|Any CPU
		{AB7E3F8C-B74E-4C21-B3AA-0066FDE9DFDA}.Debug|Any CPU.Build.0 = Debug|Any CPU
		{AB7E3F8C-B74E-4C21-B3AA-0066FDE9DFDA}.Release|Any CPU.ActiveCfg = Release|Any CPU
		{AB7E3F8C-B74E-4C21-B3AA-0066FDE9DFDA}.Release|Any CPU.Build.0 = Release|Any CPU
		{FA97E63A-A7ED-4BC1-AE01-BB41A30FB512}.Debug|Any CPU.ActiveCfg = Debug|Any CPU
		{FA97E63A-A7ED-4BC1-AE01-BB41A30FB512}.Debug|Any CPU.Build.0 = Debug|Any CPU
		{FA97E63A-A7ED-4BC1-AE01-BB41A30FB512}.Release|Any CPU.ActiveCfg = Release|Any CPU
		{FA97E63A-A7ED-4BC1-AE01-BB41A30FB512}.Release|Any CPU.Build.0 = Release|Any CPU
	EndGlobalSection
	GlobalSection(SolutionProperties) = preSolution
		HideSolutionNode = FALSE
	EndGlobalSection
	GlobalSection(ExtensibilityGlobals) = postSolution
		SolutionGuid = {860F534C-87A5-452F-8DF7-03F9EFDF8CF5}
	EndGlobalSection
EndGlobal
