
Microsoft Visual Studio Solution File, Format Version 12.00
# Visual Studio Version 16
VisualStudioVersion = 16.0.29613.14
MinimumVisualStudioVersion = 10.0.40219.1
Project("{FAE04EC0-301F-11D3-BF4B-00C04F79EFBC}") = "ForLoopSample", "ForLoopSample\ForLoopSample.csproj", "{C113B768-FB1E-4EBF-B04D-D24B0F51CA5F}"
EndProject
Project("{FAE04EC0-301F-11D3-BF4B-00C04F79EFBC}") = "WhileLoopSample", "WhileLoopSample\WhileLoopSample.csproj", "{56FBE104-7094-4CE2-A613-719D6EE6E431}"
EndProject
Project("{FAE04EC0-301F-11D3-BF4B-00C04F79EFBC}") = "DoWhileLoopSample", "DoWhileLoopSample\DoWhileLoopSample.csproj", "{06B96DE1-EE9C-4F15-BF97-DFFA8CED6543}"
EndProject
Project("{FAE04EC0-301F-11D3-BF4B-00C04F79EFBC}") = "ForeachSample", "ForeachSample\ForeachSample.csproj", "{AB339CB4-782E-4753-BDC3-BBB9953315B8}"
EndProject
Global
	GlobalSection(SolutionConfigurationPlatforms) = preSolution
		Debug|Any CPU = Debug|Any CPU
		Release|Any CPU = Release|Any CPU
	EndGlobalSection
	GlobalSection(ProjectConfigurationPlatforms) = postSolution
		{C113B768-FB1E-4EBF-B04D-D24B0F51CA5F}.Debug|Any CPU.ActiveCfg = Debug|Any CPU
		{C113B768-FB1E-4EBF-B04D-D24B0F51CA5F}.Debug|Any CPU.Build.0 = Debug|Any CPU
		{C113B768-FB1E-4EBF-B04D-D24B0F51CA5F}.Release|Any CPU.ActiveCfg = Release|Any CPU
		{C113B768-FB1E-4EBF-B04D-D24B0F51CA5F}.Release|Any CPU.Build.0 = Release|Any CPU
		{56FBE104-7094-4CE2-A613-719D6EE6E431}.Debug|Any CPU.ActiveCfg = Debug|Any CPU
		{56FBE104-7094-4CE2-A613-719D6EE6E431}.Debug|Any CPU.Build.0 = Debug|Any CPU
		{56FBE104-7094-4CE2-A613-719D6EE6E431}.Release|Any CPU.ActiveCfg = Release|Any CPU
		{56FBE104-7094-4CE2-A613-719D6EE6E431}.Release|Any CPU.Build.0 = Release|Any CPU
		{06B96DE1-EE9C-4F15-BF97-DFFA8CED6543}.Debug|Any CPU.ActiveCfg = Debug|Any CPU
		{06B96DE1-EE9C-4F15-BF97-DFFA8CED6543}.Debug|Any CPU.Build.0 = Debug|Any CPU
		{06B96DE1-EE9C-4F15-BF97-DFFA8CED6543}.Release|Any CPU.ActiveCfg = Release|Any CPU
		{06B96DE1-EE9C-4F15-BF97-DFFA8CED6543}.Release|Any CPU.Build.0 = Release|Any CPU
		{AB339CB4-782E-4753-BDC3-BBB9953315B8}.Debug|Any CPU.ActiveCfg = Debug|Any CPU
		{AB339CB4-782E-4753-BDC3-BBB9953315B8}.Debug|Any CPU.Build.0 = Debug|Any CPU
		{AB339CB4-782E-4753-BDC3-BBB9953315B8}.Release|Any CPU.ActiveCfg = Release|Any CPU
		{AB339CB4-782E-4753-BDC3-BBB9953315B8}.Release|Any CPU.Build.0 = Release|Any CPU
	EndGlobalSection
	GlobalSection(SolutionProperties) = preSolution
		HideSolutionNode = FALSE
	EndGlobalSection
	GlobalSection(ExtensibilityGlobals) = postSolution
		SolutionGuid = {145973EE-7667-4552-9A58-AF5C677251BA}
	EndGlobalSection
EndGlobal
