
Microsoft Visual Studio Solution File, Format Version 12.00
# Visual Studio Version 16
VisualStudioVersion = 16.0.29613.14
MinimumVisualStudioVersion = 10.0.40219.1
Project("{FAE04EC0-301F-11D3-BF4B-00C04F79EFBC}") = "EqualitySample001", "EqualitySample001\EqualitySample001.csproj", "{4AF23F84-8077-4322-88D1-71720371AC33}"
EndProject
Project("{FAE04EC0-301F-11D3-BF4B-00C04F79EFBC}") = "EqualitySample002", "EqualitySample002\EqualitySample002.csproj", "{D368C255-6947-4574-857C-6D15998B3B10}"
EndProject
Global
	GlobalSection(SolutionConfigurationPlatforms) = preSolution
		Debug|Any CPU = Debug|Any CPU
		Release|Any CPU = Release|Any CPU
	EndGlobalSection
	GlobalSection(ProjectConfigurationPlatforms) = postSolution
		{4AF23F84-8077-4322-88D1-71720371AC33}.Debug|Any CPU.ActiveCfg = Debug|Any CPU
		{4AF23F84-8077-4322-88D1-71720371AC33}.Debug|Any CPU.Build.0 = Debug|Any CPU
		{4AF23F84-8077-4322-88D1-71720371AC33}.Release|Any CPU.ActiveCfg = Release|Any CPU
		{4AF23F84-8077-4322-88D1-71720371AC33}.Release|Any CPU.Build.0 = Release|Any CPU
		{D368C255-6947-4574-857C-6D15998B3B10}.Debug|Any CPU.ActiveCfg = Debug|Any CPU
		{D368C255-6947-4574-857C-6D15998B3B10}.Debug|Any CPU.Build.0 = Debug|Any CPU
		{D368C255-6947-4574-857C-6D15998B3B10}.Release|Any CPU.ActiveCfg = Release|Any CPU
		{D368C255-6947-4574-857C-6D15998B3B10}.Release|Any CPU.Build.0 = Release|Any CPU
	EndGlobalSection
	GlobalSection(SolutionProperties) = preSolution
		HideSolutionNode = FALSE
	EndGlobalSection
	GlobalSection(ExtensibilityGlobals) = postSolution
		SolutionGuid = {67272D74-FC78-414B-96CF-66AC6D78189F}
	EndGlobalSection
EndGlobal
